<Solution>
  <Folder Name="/src/" />
  <Folder Name="/src/api/" />
  <Folder Name="/src/api/BuildingBlocks/">
    <Project Path="src/api/BuildingBlocks/FluxoCaixa.Application.Common/FluxoCaixa.Application.Common.csproj" />
    <Project Path="src/api/BuildingBlocks/FluxoCaixa.Contracts/FluxoCaixa.Contracts.csproj" />
    <Project Path="src/api/BuildingBlocks/FluxoCaixa.Infrastructure.Common/FluxoCaixa.Infrastructure.Common.csproj" />
    <Project Path="src/api/BuildingBlocks/FluxoCaixa.SharedKernel/FluxoCaixa.SharedKernel.csproj" />
  </Folder>
  <Folder Name="/src/api/Consolidado/">
    <Project Path="src/api/Consolidado/Consolidado.Api/Consolidado.Api.csproj" />
    <Project Path="src/api/Consolidado/Consolidado.Application/Consolidado.Application.csproj" />
    <Project Path="src/api/Consolidado/Consolidado.Domain/Consolidado.Domain.csproj" />
    <Project Path="src/api/Consolidado/Consolidado.Infrastructure/Consolidado.Infrastructure.csproj" />
    <Project Path="src/api/Consolidado/Consolidado.Worker/Consolidado.Worker.csproj" />
  </Folder>
  <Folder Name="/src/api/Gateway/">
    <Project Path="src/api/Gateway/FluxoCaixa.Gateway/FluxoCaixa.Gateway.csproj" />
  </Folder>
  <Folder Name="/src/api/Lancamentos/">
    <Project Path="src/api/Lancamentos/Lancamentos.Api/Lancamentos.Api.csproj" />
    <Project Path="src/api/Lancamentos/Lancamentos.Application/Lancamentos.Application.csproj" />
    <Project Path="src/api/Lancamentos/Lancamentos.Domain/Lancamentos.Domain.csproj" />
    <Project Path="src/api/Lancamentos/Lancamentos.Infrastructure/Lancamentos.Infrastructure.csproj" />
  </Folder>
  <Folder Name="/src/api/Tenants/">
    <Project Path="src/api/Tenants/Tenants.Api/Tenants.Api.csproj" />
    <Project Path="src/api/Tenants/Tenants.Application/Tenants.Application.csproj" />
    <Project Path="src/api/Tenants/Tenants.Domain/Tenants.Domain.csproj" />
    <Project Path="src/api/Tenants/Tenants.Infrastructure/Tenants.Infrastructure.csproj" />
  </Folder>
  <Folder Name="/tests/">
    <Project Path="tests/Architecture.Tests/Architecture.Tests.csproj" />
    <Project Path="tests/FluxoCaixa.Application.Common.UnitTests/FluxoCaixa.Application.Common.UnitTests.csproj" />
    <Project Path="tests/FluxoCaixa.Contracts.UnitTests/FluxoCaixa.Contracts.UnitTests.csproj" />
    <Project Path="tests/FluxoCaixa.Infrastructure.Common.UnitTests/FluxoCaixa.Infrastructure.Common.UnitTests.csproj" />
    <Project Path="tests/FluxoCaixa.SharedKernel.UnitTests/FluxoCaixa.SharedKernel.UnitTests.csproj" />
    <Project Path="tests/Lancamentos.Application.UnitTests/Lancamentos.Application.UnitTests.csproj" />
    <Project Path="tests/Lancamentos.Domain.UnitTests/Lancamentos.Domain.UnitTests.csproj" />
    <Project Path="tests/Lancamentos.IntegrationTests/Lancamentos.IntegrationTests.csproj" />
  </Folder>
</Solution>
